
Microsoft Visual Studio Solution File, Format Version 12.00
# Visual Studio 15
VisualStudioVersion = 15.0.27428.1
MinimumVisualStudioVersion = 10.0.40219.1
Project("{8BC9CEB8-8B4A-11D0-8D11-00A0C91BC942}") = "06ThreeColor", "06ThreeColor\06ThreeColor.vcxproj", "{C0E9EFD8-0F99-48E3-9A9D-048D702BE010}"
EndProject
Global
	GlobalSection(SolutionConfigurationPlatforms) = preSolution
		Debug|x64 = Debug|x64
		Debug|x86 = Debug|x86
		Release|x64 = Release|x64
		Release|x86 = Release|x86
	EndGlobalSection
	GlobalSection(ProjectConfigurationPlatforms) = postSolution
		{C0E9EFD8-0F99-48E3-9A9D-048D702BE010}.Debug|x64.ActiveCfg = Debug|x64
		{C0E9EFD8-0F99-48E3-9A9D-048D702BE010}.Debug|x64.Build.0 = Debug|x64
		{C0E9EFD8-0F99-48E3-9A9D-048D702BE010}.Debug|x86.ActiveCfg = Debug|Win32
		{C0E9EFD8-0F99-48E3-9A9D-048D702BE010}.Debug|x86.Build.0 = Debug|Win32
		{C0E9EFD8-0F99-48E3-9A9D-048D702BE010}.Release|x64.ActiveCfg = Release|x64
		{C0E9EFD8-0F99-48E3-9A9D-048D702BE010}.Release|x64.Build.0 = Release|x64
		{C0E9EFD8-0F99-48E3-9A9D-048D702BE010}.Release|x86.ActiveCfg = Release|Win32
		{C0E9EFD8-0F99-48E3-9A9D-048D702BE010}.Release|x86.Build.0 = Release|Win32
	EndGlobalSection
	GlobalSection(SolutionProperties) = preSolution
		HideSolutionNode = FALSE
	EndGlobalSection
	GlobalSection(ExtensibilityGlobals) = postSolution
		SolutionGuid = {3D87FA60-8822-4573-8CA1-7EB7AF9E22F1}
	EndGlobalSection
EndGlobal
