
Microsoft Visual Studio Solution File, Format Version 12.00
# Visual Studio 15
VisualStudioVersion = 15.0.27428.1
MinimumVisualStudioVersion = 10.0.40219.1
Project("{8BC9CEB8-8B4A-11D0-8D11-00A0C91BC942}") = "50BlinnLighting", "50BlinnLighting\50BlinnLighting.vcxproj", "{477098F2-BA3B-4819-B093-62B52D77A1CC}"
EndProject
Global
	GlobalSection(SolutionConfigurationPlatforms) = preSolution
		Debug|x64 = Debug|x64
		Debug|x86 = Debug|x86
		Release|x64 = Release|x64
		Release|x86 = Release|x86
	EndGlobalSection
	GlobalSection(ProjectConfigurationPlatforms) = postSolution
		{477098F2-BA3B-4819-B093-62B52D77A1CC}.Debug|x64.ActiveCfg = Debug|x64
		{477098F2-BA3B-4819-B093-62B52D77A1CC}.Debug|x64.Build.0 = Debug|x64
		{477098F2-BA3B-4819-B093-62B52D77A1CC}.Debug|x86.ActiveCfg = Debug|Win32
		{477098F2-BA3B-4819-B093-62B52D77A1CC}.Debug|x86.Build.0 = Debug|Win32
		{477098F2-BA3B-4819-B093-62B52D77A1CC}.Release|x64.ActiveCfg = Release|x64
		{477098F2-BA3B-4819-B093-62B52D77A1CC}.Release|x64.Build.0 = Release|x64
		{477098F2-BA3B-4819-B093-62B52D77A1CC}.Release|x86.ActiveCfg = Release|Win32
		{477098F2-BA3B-4819-B093-62B52D77A1CC}.Release|x86.Build.0 = Release|Win32
	EndGlobalSection
	GlobalSection(SolutionProperties) = preSolution
		HideSolutionNode = FALSE
	EndGlobalSection
	GlobalSection(ExtensibilityGlobals) = postSolution
		SolutionGuid = {BB6FD2C9-BC44-474A-A1CA-1B630B4F9CDE}
	EndGlobalSection
EndGlobal
